// !$*UTF8*$!
{
	archiveVersion = 1;
	classes = {
	};
	objectVersion = 48;
	objects = {

/* Begin PBXBuildFile section */
		B9F40F371FF4C6FE00E065EE /* AppDelegate.m in Sources */ = {isa = PBXBuildFile; fileRef = B9F40F361FF4C6FE00E065EE /* AppDelegate.m */; };
		B9F40F3A1FF4C6FE00E065EE /* DocumentBrowserViewController.m in Sources */ = {isa = PBXBuildFile; fileRef = B9F40F391FF4C6FE00E065EE /* DocumentBrowserViewController.m */; };
		B9F40F3D1FF4C6FE00E065EE /* DocumentViewController.m in Sources */ = {isa = PBXBuildFile; fileRef = B9F40F3C1FF4C6FE00E065EE /* DocumentViewController.m */; };
		B9F40F401FF4C6FE00E065EE /* Document.m in Sources */ = {isa = PBXBuildFile; fileRef = B9F40F3F1FF4C6FE00E065EE /* Document.m */; };
		B9F40F431FF4C6FE00E065EE /* Main.storyboard in Resources */ = {isa = PBXBuildFile; fileRef = B9F40F411FF4C6FE00E065EE /* Main.storyboard */; };
		B9F40F451FF4C6FE00E065EE /* Assets.xcassets in Resources */ = {isa = PBXBuildFile; fileRef = B9F40F441FF4C6FE00E065EE /* Assets.xcassets */; };
		B9F40F481FF4C6FE00E065EE /* LaunchScreen.storyboard in Resources */ = {isa = PBXBuildFile; fileRef = B9F40F461FF4C6FE00E065EE /* LaunchScreen.storyboard */; };
		B9F40F4B1FF4C6FE00E065EE /* main.m in Sources */ = {isa = PBXBuildFile; fileRef = B9F40F4A1FF4C6FE00E065EE /* main.m */; };
		B9F40F551FF4C6FE00E065EE /* stackTests.m in Sources */ = {isa = PBXBuildFile; fileRef = B9F40F541FF4C6FE00E065EE /* stackTests.m */; };
		B9F40F601FF4C6FE00E065EE /* stackUITests.m in Sources */ = {isa = PBXBuildFile; fileRef = B9F40F5F1FF4C6FE00E065EE /* stackUITests.m */; };
/* End PBXBuildFile section */

/* Begin PBXContainerItemProxy section */
		B9F40F511FF4C6FE00E065EE /* PBXContainerItemProxy */ = {
			isa = PBXContainerItemProxy;
			containerPortal = B9F40F2A1FF4C6FD00E065EE /* Project object */;
			proxyType = 1;
			remoteGlobalIDString = B9F40F311FF4C6FE00E065EE;
			remoteInfo = stack;
		};
		B9F40F5C1FF4C6FE00E065EE /* PBXContainerItemProxy */ = {
			isa = PBXContainerItemProxy;
			containerPortal = B9F40F2A1FF4C6FD00E065EE /* Project object */;
			proxyType = 1;
			remoteGlobalIDString = B9F40F311FF4C6FE00E065EE;
			remoteInfo = stack;
		};
/* End PBXContainerItemProxy section */

/* Begin PBXFileReference section */
		B9F40F321FF4C6FE00E065EE /* stack.app */ = {isa = PBXFileReference; explicitFileType = wrapper.application; includeInIndex = 0; path = stack.app; sourceTree = BUILT_PRODUCTS_DIR; };
		B9F40F351FF4C6FE00E065EE /* AppDelegate.h */ = {isa = PBXFileReference; lastKnownFileType = sourcecode.c.h; path = AppDelegate.h; sourceTree = "<group>"; };
		B9F40F361FF4C6FE00E065EE /* AppDelegate.m */ = {isa = PBXFileReference; lastKnownFileType = sourcecode.c.objc; path = AppDelegate.m; sourceTree = "<group>"; };
		B9F40F381FF4C6FE00E065EE /* DocumentBrowserViewController.h */ = {isa = PBXFileReference; lastKnownFileType = sourcecode.c.h; path = DocumentBrowserViewController.h; sourceTree = "<group>"; };
		B9F40F391FF4C6FE00E065EE /* DocumentBrowserViewController.m */ = {isa = PBXFileReference; lastKnownFileType = sourcecode.c.objc; path = DocumentBrowserViewController.m; sourceTree = "<group>"; };
		B9F40F3B1FF4C6FE00E065EE /* DocumentViewController.h */ = {isa = PBXFileReference; lastKnownFileType = sourcecode.c.h; path = DocumentViewController.h; sourceTree = "<group>"; };
		B9F40F3C1FF4C6FE00E065EE /* DocumentViewController.m */ = {isa = PBXFileReference; lastKnownFileType = sourcecode.c.objc; path = DocumentViewController.m; sourceTree = "<group>"; };
		B9F40F3E1FF4C6FE00E065EE /* Document.h */ = {isa = PBXFileReference; lastKnownFileType = sourcecode.c.h; path = Document.h; sourceTree = "<group>"; };
		B9F40F3F1FF4C6FE00E065EE /* Document.m */ = {isa = PBXFileReference; lastKnownFileType = sourcecode.c.objc; path = Document.m; sourceTree = "<group>"; };
		B9F40F421FF4C6FE00E065EE /* Base */ = {isa = PBXFileReference; lastKnownFileType = file.storyboard; name = Base; path = Base.lproj/Main.storyboard; sourceTree = "<group>"; };
		B9F40F441FF4C6FE00E065EE /* Assets.xcassets */ = {isa = PBXFileReference; lastKnownFileType = folder.assetcatalog; path = Assets.xcassets; sourceTree = "<group>"; };
		B9F40F471FF4C6FE00E065EE /* Base */ = {isa = PBXFileReference; lastKnownFileType = file.storyboard; name = Base; path = Base.lproj/LaunchScreen.storyboard; sourceTree = "<group>"; };
		B9F40F491FF4C6FE00E065EE /* Info.plist */ = {isa = PBXFileReference; lastKnownFileType = text.plist.xml; path = Info.plist; sourceTree = "<group>"; };
		B9F40F4A1FF4C6FE00E065EE /* main.m */ = {isa = PBXFileReference; lastKnownFileType = sourcecode.c.objc; path = main.m; sourceTree = "<group>"; };
		B9F40F501FF4C6FE00E065EE /* stackTests.xctest */ = {isa = PBXFileReference; explicitFileType = wrapper.cfbundle; includeInIndex = 0; path = stackTests.xctest; sourceTree = BUILT_PRODUCTS_DIR; };
		B9F40F541FF4C6FE00E065EE /* stackTests.m */ = {isa = PBXFileReference; lastKnownFileType = sourcecode.c.objc; path = stackTests.m; sourceTree = "<group>"; };
		B9F40F561FF4C6FE00E065EE /* Info.plist */ = {isa = PBXFileReference; lastKnownFileType = text.plist.xml; path = Info.plist; sourceTree = "<group>"; };
		B9F40F5B1FF4C6FE00E065EE /* stackUITests.xctest */ = {isa = PBXFileReference; explicitFileType = wrapper.cfbundle; includeInIndex = 0; path = stackUITests.xctest; sourceTree = BUILT_PRODUCTS_DIR; };
		B9F40F5F1FF4C6FE00E065EE /* stackUITests.m */ = {isa = PBXFileReference; lastKnownFileType = sourcecode.c.objc; path = stackUITests.m; sourceTree = "<group>"; };
		B9F40F611FF4C6FE00E065EE /* Info.plist */ = {isa = PBXFileReference; lastKnownFileType = text.plist.xml; path = Info.plist; sourceTree = "<group>"; };
/* End PBXFileReference section */

/* Begin PBXFrameworksBuildPhase section */
		B9F40F2F1FF4C6FE00E065EE /* Frameworks */ = {
			isa = PBXFrameworksBuildPhase;
			buildActionMask = 2147483647;
			files = (
			);
			runOnlyForDeploymentPostprocessing = 0;
		};
		B9F40F4D1FF4C6FE00E065EE /* Frameworks */ = {
			isa = PBXFrameworksBuildPhase;
			buildActionMask = 2147483647;
			files = (
			);
			runOnlyForDeploymentPostprocessing = 0;
		};
		B9F40F581FF4C6FE00E065EE /* Frameworks */ = {
			isa = PBXFrameworksBuildPhase;
			buildActionMask = 2147483647;
			files = (
			);
			runOnlyForDeploymentPostprocessing = 0;
		};
/* End PBXFrameworksBuildPhase section */

/* Begin PBXGroup section */
		B9F40F291FF4C6FD00E065EE = {
			isa = PBXGroup;
			children = (
				B9F40F341FF4C6FE00E065EE /* stack */,
				B9F40F531FF4C6FE00E065EE /* stackTests */,
				B9F40F5E1FF4C6FE00E065EE /* stackUITests */,
				B9F40F331FF4C6FE00E065EE /* Products */,
			);
			sourceTree = "<group>";
		};
		B9F40F331FF4C6FE00E065EE /* Products */ = {
			isa = PBXGroup;
			children = (
				B9F40F321FF4C6FE00E065EE /* stack.app */,
				B9F40F501FF4C6FE00E065EE /* stackTests.xctest */,
				B9F40F5B1FF4C6FE00E065EE /* stackUITests.xctest */,
			);
			name = Products;
			sourceTree = "<group>";
		};
		B9F40F341FF4C6FE00E065EE /* stack */ = {
			isa = PBXGroup;
			children = (
				B9F40F351FF4C6FE00E065EE /* AppDelegate.h */,
				B9F40F361FF4C6FE00E065EE /* AppDelegate.m */,
				B9F40F381FF4C6FE00E065EE /* DocumentBrowserViewController.h */,
				B9F40F391FF4C6FE00E065EE /* DocumentBrowserViewController.m */,
				B9F40F3B1FF4C6FE00E065EE /* DocumentViewController.h */,
				B9F40F3C1FF4C6FE00E065EE /* DocumentViewController.m */,
				B9F40F3E1FF4C6FE00E065EE /* Document.h */,
				B9F40F3F1FF4C6FE00E065EE /* Document.m */,
				B9F40F411FF4C6FE00E065EE /* Main.storyboard */,
				B9F40F441FF4C6FE00E065EE /* Assets.xcassets */,
				B9F40F461FF4C6FE00E065EE /* LaunchScreen.storyboard */,
				B9F40F491FF4C6FE00E065EE /* Info.plist */,
				B9F40F4A1FF4C6FE00E065EE /* main.m */,
			);
			path = stack;
			sourceTree = "<group>";
		};
		B9F40F531FF4C6FE00E065EE /* stackTests */ = {
			isa = PBXGroup;
			children = (
				B9F40F541FF4C6FE00E065EE /* stackTests.m */,
				B9F40F561FF4C6FE00E065EE /* Info.plist */,
			);
			path = stackTests;
			sourceTree = "<group>";
		};
		B9F40F5E1FF4C6FE00E065EE /* stackUITests */ = {
			isa = PBXGroup;
			children = (
				B9F40F5F1FF4C6FE00E065EE /* stackUITests.m */,
				B9F40F611FF4C6FE00E065EE /* Info.plist */,
			);
			path = stackUITests;
			sourceTree = "<group>";
		};
/* End PBXGroup section */

/* Begin PBXNativeTarget section */
		B9F40F311FF4C6FE00E065EE /* stack */ = {
			isa = PBXNativeTarget;
			buildConfigurationList = B9F40F641FF4C6FE00E065EE /* Build configuration list for PBXNativeTarget "stack" */;
			buildPhases = (
				B9F40F2E1FF4C6FE00E065EE /* Sources */,
				B9F40F2F1FF4C6FE00E065EE /* Frameworks */,
				B9F40F301FF4C6FE00E065EE /* Resources */,
			);
			buildRules = (
			);
			dependencies = (
			);
			name = stack;
			productName = stack;
			productReference = B9F40F321FF4C6FE00E065EE /* stack.app */;
			productType = "com.apple.product-type.application";
		};
		B9F40F4F1FF4C6FE00E065EE /* stackTests */ = {
			isa = PBXNativeTarget;
			buildConfigurationList = B9F40F671FF4C6FE00E065EE /* Build configuration list for PBXNativeTarget "stackTests" */;
			buildPhases = (
				B9F40F4C1FF4C6FE00E065EE /* Sources */,
				B9F40F4D1FF4C6FE00E065EE /* Frameworks */,
				B9F40F4E1FF4C6FE00E065EE /* Resources */,
			);
			buildRules = (
			);
			dependencies = (
				B9F40F521FF4C6FE00E065EE /* PBXTargetDependency */,
			);
			name = stackTests;
			productName = stackTests;
			productReference = B9F40F501FF4C6FE00E065EE /* stackTests.xctest */;
			productType = "com.apple.product-type.bundle.unit-test";
		};
		B9F40F5A1FF4C6FE00E065EE /* stackUITests */ = {
			isa = PBXNativeTarget;
			buildConfigurationList = B9F40F6A1FF4C6FE00E065EE /* Build configuration list for PBXNativeTarget "stackUITests" */;
			buildPhases = (
				B9F40F571FF4C6FE00E065EE /* Sources */,
				B9F40F581FF4C6FE00E065EE /* Frameworks */,
				B9F40F591FF4C6FE00E065EE /* Resources */,
			);
			buildRules = (
			);
			dependencies = (
				B9F40F5D1FF4C6FE00E065EE /* PBXTargetDependency */,
			);
			name = stackUITests;
			productName = stackUITests;
			productReference = B9F40F5B1FF4C6FE00E065EE /* stackUITests.xctest */;
			productType = "com.apple.product-type.bundle.ui-testing";
		};
/* End PBXNativeTarget section */

/* Begin PBXProject section */
		B9F40F2A1FF4C6FD00E065EE /* Project object */ = {
			isa = PBXProject;
			attributes = {
				LastUpgradeCheck = 0910;
				ORGANIZATIONNAME = "Denise Nguyen";
				TargetAttributes = {
					B9F40F311FF4C6FE00E065EE = {
						CreatedOnToolsVersion = 9.1;
						ProvisioningStyle = Automatic;
					};
					B9F40F4F1FF4C6FE00E065EE = {
						CreatedOnToolsVersion = 9.1;
						ProvisioningStyle = Automatic;
						TestTargetID = B9F40F311FF4C6FE00E065EE;
					};
					B9F40F5A1FF4C6FE00E065EE = {
						CreatedOnToolsVersion = 9.1;
						ProvisioningStyle = Automatic;
						TestTargetID = B9F40F311FF4C6FE00E065EE;
					};
				};
			};
			buildConfigurationList = B9F40F2D1FF4C6FD00E065EE /* Build configuration list for PBXProject "stack" */;
			compatibilityVersion = "Xcode 8.0";
			developmentRegion = en;
			hasScannedForEncodings = 0;
			knownRegions = (
				en,
				Base,
			);
			mainGroup = B9F40F291FF4C6FD00E065EE;
			productRefGroup = B9F40F331FF4C6FE00E065EE /* Products */;
			projectDirPath = "";
			projectRoot = "";
			targets = (
				B9F40F311FF4C6FE00E065EE /* stack */,
				B9F40F4F1FF4C6FE00E065EE /* stackTests */,
				B9F40F5A1FF4C6FE00E065EE /* stackUITests */,
			);
		};
/* End PBXProject section */

/* Begin PBXResourcesBuildPhase section */
		B9F40F301FF4C6FE00E065EE /* Resources */ = {
			isa = PBXResourcesBuildPhase;
			buildActionMask = 2147483647;
			files = (
				B9F40F481FF4C6FE00E065EE /* LaunchScreen.storyboard in Resources */,
				B9F40F451FF4C6FE00E065EE /* Assets.xcassets in Resources */,
				B9F40F431FF4C6FE00E065EE /* Main.storyboard in Resources */,
			);
			runOnlyForDeploymentPostprocessing = 0;
		};
		B9F40F4E1FF4C6FE00E065EE /* Resources */ = {
			isa = PBXResourcesBuildPhase;
			buildActionMask = 2147483647;
			files = (
			);
			runOnlyForDeploymentPostprocessing = 0;
		};
		B9F40F591FF4C6FE00E065EE /* Resources */ = {
			isa = PBXResourcesBuildPhase;
			buildActionMask = 2147483647;
			files = (
			);
			runOnlyForDeploymentPostprocessing = 0;
		};
/* End PBXResourcesBuildPhase section */

/* Begin PBXSourcesBuildPhase section */
		B9F40F2E1FF4C6FE00E065EE /* Sources */ = {
			isa = PBXSourcesBuildPhase;
			buildActionMask = 2147483647;
			files = (
				B9F40F4B1FF4C6FE00E065EE /* main.m in Sources */,
				B9F40F401FF4C6FE00E065EE /* Document.m in Sources */,
				B9F40F3A1FF4C6FE00E065EE /* DocumentBrowserViewController.m in Sources */,
				B9F40F3D1FF4C6FE00E065EE /* DocumentViewController.m in Sources */,
				B9F40F371FF4C6FE00E065EE /* AppDelegate.m in Sources */,
			);
			runOnlyForDeploymentPostprocessing = 0;
		};
		B9F40F4C1FF4C6FE00E065EE /* Sources */ = {
			isa = PBXSourcesBuildPhase;
			buildActionMask = 2147483647;
			files = (
				B9F40F551FF4C6FE00E065EE /* stackTests.m in Sources */,
			);
			runOnlyForDeploymentPostprocessing = 0;
		};
		B9F40F571FF4C6FE00E065EE /* Sources */ = {
			isa = PBXSourcesBuildPhase;
			buildActionMask = 2147483647;
			files = (
				B9F40F601FF4C6FE00E065EE /* stackUITests.m in Sources */,
			);
			runOnlyForDeploymentPostprocessing = 0;
		};
/* End PBXSourcesBuildPhase section */

/* Begin PBXTargetDependency section */
		B9F40F521FF4C6FE00E065EE /* PBXTargetDependency */ = {
			isa = PBXTargetDependency;
			target = B9F40F311FF4C6FE00E065EE /* stack */;
			targetProxy = B9F40F511FF4C6FE00E065EE /* PBXContainerItemProxy */;
		};
		B9F40F5D1FF4C6FE00E065EE /* PBXTargetDependency */ = {
			isa = PBXTargetDependency;
			target = B9F40F311FF4C6FE00E065EE /* stack */;
			targetProxy = B9F40F5C1FF4C6FE00E065EE /* PBXContainerItemProxy */;
		};
/* End PBXTargetDependency section */

/* Begin PBXVariantGroup section */
		B9F40F411FF4C6FE00E065EE /* Main.storyboard */ = {
			isa = PBXVariantGroup;
			children = (
				B9F40F421FF4C6FE00E065EE /* Base */,
			);
			name = Main.storyboard;
			sourceTree = "<group>";
		};
		B9F40F461FF4C6FE00E065EE /* LaunchScreen.storyboard */ = {
			isa = PBXVariantGroup;
			children = (
				B9F40F471FF4C6FE00E065EE /* Base */,
			);
			name = LaunchScreen.storyboard;
			sourceTree = "<group>";
		};
/* End PBXVariantGroup section */

/* Begin XCBuildConfiguration section */
		B9F40F621FF4C6FE00E065EE /* Debug */ = {
			isa = XCBuildConfiguration;
			buildSettings = {
				ALWAYS_SEARCH_USER_PATHS = NO;
				CLANG_ANALYZER_NONNULL = YES;
				CLANG_ANALYZER_NUMBER_OBJECT_CONVERSION = YES_AGGRESSIVE;
				CLANG_CXX_LANGUAGE_STANDARD = "gnu++14";
				CLANG_CXX_LIBRARY = "libc++";
				CLANG_ENABLE_MODULES = YES;
				CLANG_ENABLE_OBJC_ARC = YES;
				CLANG_WARN_BLOCK_CAPTURE_AUTORELEASING = YES;
				CLANG_WARN_BOOL_CONVERSION = YES;
				CLANG_WARN_COMMA = YES;
				CLANG_WARN_CONSTANT_CONVERSION = YES;
				CLANG_WARN_DIRECT_OBJC_ISA_USAGE = YES_ERROR;
				CLANG_WARN_DOCUMENTATION_COMMENTS = YES;
				CLANG_WARN_EMPTY_BODY = YES;
				CLANG_WARN_ENUM_CONVERSION = YES;
				CLANG_WARN_INFINITE_RECURSION = YES;
				CLANG_WARN_INT_CONVERSION = YES;
				CLANG_WARN_NON_LITERAL_NULL_CONVERSION = YES;
				CLANG_WARN_OBJC_LITERAL_CONVERSION = YES;
				CLANG_WARN_OBJC_ROOT_CLASS = YES_ERROR;
				CLANG_WARN_RANGE_LOOP_ANALYSIS = YES;
				CLANG_WARN_STRICT_PROTOTYPES = YES;
				CLANG_WARN_SUSPICIOUS_MOVE = YES;
				CLANG_WARN_UNGUARDED_AVAILABILITY = YES_AGGRESSIVE;
				CLANG_WARN_UNREACHABLE_CODE = YES;
				CLANG_WARN__DUPLICATE_METHOD_MATCH = YES;
				CODE_SIGN_IDENTITY = "iPhone Developer";
				COPY_PHASE_STRIP = NO;
				DEBUG_INFORMATION_FORMAT = dwarf;
				ENABLE_STRICT_OBJC_MSGSEND = YES;
				ENABLE_TESTABILITY = YES;
				GCC_C_LANGUAGE_STANDARD = gnu11;
				GCC_DYNAMIC_NO_PIC = NO;
				GCC_NO_COMMON_BLOCKS = YES;
				GCC_OPTIMIZATION_LEVEL = 0;
				GCC_PREPROCESSOR_DEFINITIONS = (
					"DEBUG=1",
					"$(inherited)",
				);
				GCC_WARN_64_TO_32_BIT_CONVERSION = YES;
				GCC_WARN_ABOUT_RETURN_TYPE = YES_ERROR;
				GCC_WARN_UNDECLARED_SELECTOR = YES;
				GCC_WARN_UNINITIALIZED_AUTOS = YES_AGGRESSIVE;
				GCC_WARN_UNUSED_FUNCTION = YES;
				GCC_WARN_UNUSED_VARIABLE = YES;
				IPHONEOS_DEPLOYMENT_TARGET = 11.1;
				MTL_ENABLE_DEBUG_INFO = YES;
				ONLY_ACTIVE_ARCH = YES;
				SDKROOT = iphoneos;
			};
			name = Debug;
		};
		B9F40F631FF4C6FE00E065EE /* Release */ = {
			isa = XCBuildConfiguration;
			buildSettings = {
				ALWAYS_SEARCH_USER_PATHS = NO;
				CLANG_ANALYZER_NONNULL = YES;
				CLANG_ANALYZER_NUMBER_OBJECT_CONVERSION = YES_AGGRESSIVE;
				CLANG_CXX_LANGUAGE_STANDARD = "gnu++14";
				CLANG_CXX_LIBRARY = "libc++";
				CLANG_ENABLE_MODULES = YES;
				CLANG_ENABLE_OBJC_ARC = YES;
				CLANG_WARN_BLOCK_CAPTURE_AUTORELEASING = YES;
				CLANG_WARN_BOOL_CONVERSION = YES;
				CLANG_WARN_COMMA = YES;
				CLANG_WARN_CONSTANT_CONVERSION = YES;
				CLANG_WARN_DIRECT_OBJC_ISA_USAGE = YES_ERROR;
				CLANG_WARN_DOCUMENTATION_COMMENTS = YES;
				CLANG_WARN_EMPTY_BODY = YES;
				CLANG_WARN_ENUM_CONVERSION = YES;
				CLANG_WARN_INFINITE_RECURSION = YES;
				CLANG_WARN_INT_CONVERSION = YES;
				CLANG_WARN_NON_LITERAL_NULL_CONVERSION = YES;
				CLANG_WARN_OBJC_LITERAL_CONVERSION = YES;
				CLANG_WARN_OBJC_ROOT_CLASS = YES_ERROR;
				CLANG_WARN_RANGE_LOOP_ANALYSIS = YES;
				CLANG_WARN_STRICT_PROTOTYPES = YES;
				CLANG_WARN_SUSPICIOUS_MOVE = YES;
				CLANG_WARN_UNGUARDED_AVAILABILITY = YES_AGGRESSIVE;
				CLANG_WARN_UNREACHABLE_CODE = YES;
				CLANG_WARN__DUPLICATE_METHOD_MATCH = YES;
				CODE_SIGN_IDENTITY = "iPhone Developer";
				COPY_PHASE_STRIP = NO;
				DEBUG_INFORMATION_FORMAT = "dwarf-with-dsym";
				ENABLE_NS_ASSERTIONS = NO;
				ENABLE_STRICT_OBJC_MSGSEND = YES;
				GCC_C_LANGUAGE_STANDARD = gnu11;
				GCC_NO_COMMON_BLOCKS = YES;
				GCC_WARN_64_TO_32_BIT_CONVERSION = YES;
				GCC_WARN_ABOUT_RETURN_TYPE = YES_ERROR;
				GCC_WARN_UNDECLARED_SELECTOR = YES;
				GCC_WARN_UNINITIALIZED_AUTOS = YES_AGGRESSIVE;
				GCC_WARN_UNUSED_FUNCTION = YES;
				GCC_WARN_UNUSED_VARIABLE = YES;
				IPHONEOS_DEPLOYMENT_TARGET = 11.1;
				MTL_ENABLE_DEBUG_INFO = NO;
				SDKROOT = iphoneos;
				VALIDATE_PRODUCT = YES;
			};
			name = Release;
		};
		B9F40F651FF4C6FE00E065EE /* Debug */ = {
			isa = XCBuildConfiguration;
			buildSettings = {
				ASSETCATALOG_COMPILER_APPICON_NAME = AppIcon;
				CODE_SIGN_STYLE = Automatic;
				DEVELOPMENT_TEAM = W9A9PXF7M2;
				INFOPLIST_FILE = stack/Info.plist;
				LD_RUNPATH_SEARCH_PATHS = "$(inherited) @executable_path/Frameworks";
				PRODUCT_BUNDLE_IDENTIFIER = script.kitttie.stack;
				PRODUCT_NAME = "$(TARGET_NAME)";
				TARGETED_DEVICE_FAMILY = "1,2";
			};
			name = Debug;
		};
		B9F40F661FF4C6FE00E065EE /* Release */ = {
			isa = XCBuildConfiguration;
			buildSettings = {
				ASSETCATALOG_COMPILER_APPICON_NAME = AppIcon;
				CODE_SIGN_STYLE = Automatic;
				DEVELOPMENT_TEAM = W9A9PXF7M2;
				INFOPLIST_FILE = stack/Info.plist;
				LD_RUNPATH_SEARCH_PATHS = "$(inherited) @executable_path/Frameworks";
				PRODUCT_BUNDLE_IDENTIFIER = script.kitttie.stack;
				PRODUCT_NAME = "$(TARGET_NAME)";
				TARGETED_DEVICE_FAMILY = "1,2";
			};
			name = Release;
		};
		B9F40F681FF4C6FE00E065EE /* Debug */ = {
			isa = XCBuildConfiguration;
			buildSettings = {
				BUNDLE_LOADER = "$(TEST_HOST)";
				CODE_SIGN_STYLE = Automatic;
				DEVELOPMENT_TEAM = W9A9PXF7M2;
				INFOPLIST_FILE = stackTests/Info.plist;
				LD_RUNPATH_SEARCH_PATHS = "$(inherited) @executable_path/Frameworks @loader_path/Frameworks";
				PRODUCT_BUNDLE_IDENTIFIER = script.kitttie.stackTests;
				PRODUCT_NAME = "$(TARGET_NAME)";
				TARGETED_DEVICE_FAMILY = "1,2";
				TEST_HOST = "$(BUILT_PRODUCTS_DIR)/stack.app/stack";
			};
			name = Debug;
		};
		B9F40F691FF4C6FE00E065EE /* Release */ = {
			isa = XCBuildConfiguration;
			buildSettings = {
				BUNDLE_LOADER = "$(TEST_HOST)";
				CODE_SIGN_STYLE = Automatic;
				DEVELOPMENT_TEAM = W9A9PXF7M2;
				INFOPLIST_FILE = stackTests/Info.plist;
				LD_RUNPATH_SEARCH_PATHS = "$(inherited) @executable_path/Frameworks @loader_path/Frameworks";
				PRODUCT_BUNDLE_IDENTIFIER = script.kitttie.stackTests;
				PRODUCT_NAME = "$(TARGET_NAME)";
				TARGETED_DEVICE_FAMILY = "1,2";
				TEST_HOST = "$(BUILT_PRODUCTS_DIR)/stack.app/stack";
			};
			name = Release;
		};
		B9F40F6B1FF4C6FE00E065EE /* Debug */ = {
			isa = XCBuildConfiguration;
			buildSettings = {
				CODE_SIGN_STYLE = Automatic;
				DEVELOPMENT_TEAM = W9A9PXF7M2;
				INFOPLIST_FILE = stackUITests/Info.plist;
				LD_RUNPATH_SEARCH_PATHS = "$(inherited) @executable_path/Frameworks @loader_path/Frameworks";
				PRODUCT_BUNDLE_IDENTIFIER = script.kitttie.stackUITests;
				PRODUCT_NAME = "$(TARGET_NAME)";
				TARGETED_DEVICE_FAMILY = "1,2";
				TEST_TARGET_NAME = stack;
			};
			name = Debug;
		};
		B9F40F6C1FF4C6FE00E065EE /* Release */ = {
			isa = XCBuildConfiguration;
			buildSettings = {
				CODE_SIGN_STYLE = Automatic;
				DEVELOPMENT_TEAM = W9A9PXF7M2;
				INFOPLIST_FILE = stackUITests/Info.plist;
				LD_RUNPATH_SEARCH_PATHS = "$(inherited) @executable_path/Frameworks @loader_path/Frameworks";
				PRODUCT_BUNDLE_IDENTIFIER = script.kitttie.stackUITests;
				PRODUCT_NAME = "$(TARGET_NAME)";
				TARGETED_DEVICE_FAMILY = "1,2";
				TEST_TARGET_NAME = stack;
			};
			name = Release;
		};
/* End XCBuildConfiguration section */

/* Begin XCConfigurationList section */
		B9F40F2D1FF4C6FD00E065EE /* Build configuration list for PBXProject "stack" */ = {
			isa = XCConfigurationList;
			buildConfigurations = (
				B9F40F621FF4C6FE00E065EE /* Debug */,
				B9F40F631FF4C6FE00E065EE /* Release */,
			);
			defaultConfigurationIsVisible = 0;
			defaultConfigurationName = Release;
		};
		B9F40F641FF4C6FE00E065EE /* Build configuration list for PBXNativeTarget "stack" */ = {
			isa = XCConfigurationList;
			buildConfigurations = (
				B9F40F651FF4C6FE00E065EE /* Debug */,
				B9F40F661FF4C6FE00E065EE /* Release */,
			);
			defaultConfigurationIsVisible = 0;
			defaultConfigurationName = Release;
		};
		B9F40F671FF4C6FE00E065EE /* Build configuration list for PBXNativeTarget "stackTests" */ = {
			isa = XCConfigurationList;
			buildConfigurations = (
				B9F40F681FF4C6FE00E065EE /* Debug */,
				B9F40F691FF4C6FE00E065EE /* Release */,
			);
			defaultConfigurationIsVisible = 0;
			defaultConfigurationName = Release;
		};
		B9F40F6A1FF4C6FE00E065EE /* Build configuration list for PBXNativeTarget "stackUITests" */ = {
			isa = XCConfigurationList;
			buildConfigurations = (
				B9F40F6B1FF4C6FE00E065EE /* Debug */,
				B9F40F6C1FF4C6FE00E065EE /* Release */,
			);
			defaultConfigurationIsVisible = 0;
			defaultConfigurationName = Release;
		};
/* End XCConfigurationList section */
	};
	rootObject = B9F40F2A1FF4C6FD00E065EE /* Project object */;
}
